PODS:
  - FPPhotoPicker (0.0.1):
    - Masonry (~> 1.1.0)
  - Masonry (1.1.0)

DEPENDENCIES:
  - FPPhotoPicker (from `../`)

SPEC REPOS:
  https://github.com/cocoapods/specs.git:
    - Masonry

EXTERNAL SOURCES:
  FPPhotoPicker:
    :path: "../"

SPEC CHECKSUMS:
  FPPhotoPicker: 50edbcd419befc88852743ffa6ed8fed86964f25
  Masonry: 678fab65091a9290e40e2832a55e7ab731aad201

PODFILE CHECKSUM: 5e4c5399985440e6da26f63658d55487facfa949

COCOAPODS: 1.5.3
